<?xml version="1.0" encoding="utf-8"?>
<Project ToolsVersion="4.0" xmlns="http://schemas.microsoft.com/developer/msbuild/2003">
  <ItemGroup>
    <Filter Include="Source Files">
      <UniqueIdentifier>{4FC737F1-C7A5-4376-A066-2A32D752A2FF}</UniqueIdentifier>
      <Extensions>cpp;c;cc;cxx;c++;cppm;ixx;def;odl;idl;hpj;bat;asm;asmx</Extensions>
    </Filter>
    <Filter Include="Header Files">
      <UniqueIdentifier>{93995380-89BD-4b04-88EB-625FBE52EBFB}</UniqueIdentifier>
      <Extensions>h;hh;hpp;hxx;h++;hm;inl;inc;ipp;xsd</Extensions>
    </Filter>
    <Filter Include="Resource Files">
      <UniqueIdentifier>{67DA6AB6-F800-4c08-8B7A-83BB121AAD01}</UniqueIdentifier>
      <Extensions>rc;ico;cur;bmp;dlg;rc2;rct;bin;rgs;gif;jpg;jpeg;jpe;resx;tiff;tif;png;wav;mfcribbon-ms</Extensions>
    </Filter>
  </ItemGroup>
  <ItemGroup>
    <ClCompile Include="main.cpp">
      <Filter>Source Files</Filter>
    </ClCompile>
    <ClCompile Include="aircraft.cpp">
      <Filter>Source Files</Filter>
    </ClCompile>
    <ClCompile Include="animation.cpp">
      <Filter>Source Files</Filter>
    </ClCompile>
    <ClCompile Include="application.cpp">
      <Filter>Source Files</Filter>
    </ClCompile>
    <ClCompile Include="bloomeffect.cpp">
      <Filter>Source Files</Filter>
    </ClCompile>
    <ClCompile Include="button.cpp">
      <Filter>Source Files</Filter>
    </ClCompile>
    <ClCompile Include="command.cpp">
      <Filter>Source Files</Filter>
    </ClCompile>
    <ClCompile Include="commandqueue.cpp">
      <Filter>Source Files</Filter>
    </ClCompile>
    <ClCompile Include="component.cpp">
      <Filter>Source Files</Filter>
    </ClCompile>
    <ClCompile Include="container.cpp">
      <Filter>Source Files</Filter>
    </ClCompile>
    <ClCompile Include="datatables.cpp">
      <Filter>Source Files</Filter>
    </ClCompile>
    <ClCompile Include="emitternode.cpp">
      <Filter>Source Files</Filter>
    </ClCompile>
    <ClCompile Include="entity.cpp">
      <Filter>Source Files</Filter>
    </ClCompile>
    <ClCompile Include="gameoverstate.cpp">
      <Filter>Source Files</Filter>
    </ClCompile>
    <ClCompile Include="gameserver.cpp">
      <Filter>Source Files</Filter>
    </ClCompile>
    <ClCompile Include="gamestate.cpp">
      <Filter>Source Files</Filter>
    </ClCompile>
    <ClCompile Include="keybinding.cpp">
      <Filter>Source Files</Filter>
    </ClCompile>
    <ClCompile Include="label.cpp">
      <Filter>Source Files</Filter>
    </ClCompile>
    <ClCompile Include="menustate.cpp">
      <Filter>Source Files</Filter>
    </ClCompile>
    <ClCompile Include="multiplayergamestate.cpp">
      <Filter>Source Files</Filter>
    </ClCompile>
    <ClCompile Include="musicplayer.cpp">
      <Filter>Source Files</Filter>
    </ClCompile>
    <ClCompile Include="networknode.cpp">
      <Filter>Source Files</Filter>
    </ClCompile>
    <ClCompile Include="particlenode.cpp">
      <Filter>Source Files</Filter>
    </ClCompile>
    <ClCompile Include="pausestate.cpp">
      <Filter>Source Files</Filter>
    </ClCompile>
    <ClCompile Include="pickup.cpp">
      <Filter>Source Files</Filter>
    </ClCompile>
    <ClCompile Include="player.cpp">
      <Filter>Source Files</Filter>
    </ClCompile>
    <ClCompile Include="posteffect.cpp">
      <Filter>Source Files</Filter>
    </ClCompile>
    <ClCompile Include="projectile.cpp">
      <Filter>Source Files</Filter>
    </ClCompile>
    <ClCompile Include="scenenode.cpp">
      <Filter>Source Files</Filter>
    </ClCompile>
    <ClCompile Include="settingsstate.cpp">
      <Filter>Source Files</Filter>
    </ClCompile>
    <ClCompile Include="soundnode.cpp">
      <Filter>Source Files</Filter>
    </ClCompile>
    <ClCompile Include="soundplayer.cpp">
      <Filter>Source Files</Filter>
    </ClCompile>
    <ClCompile Include="spritenode.cpp">
      <Filter>Source Files</Filter>
    </ClCompile>
    <ClCompile Include="state.cpp">
      <Filter>Source Files</Filter>
    </ClCompile>
    <ClCompile Include="statestack.cpp">
      <Filter>Source Files</Filter>
    </ClCompile>
    <ClCompile Include="textnode.cpp">
      <Filter>Source Files</Filter>
    </ClCompile>
    <ClCompile Include="titlestate.cpp">
      <Filter>Source Files</Filter>
    </ClCompile>
    <ClCompile Include="utility.cpp">
      <Filter>Source Files</Filter>
    </ClCompile>
    <ClCompile Include="world.cpp">
      <Filter>Source Files</Filter>
    </ClCompile>
  </ItemGroup>
  <ItemGroup>
    <ClInclude Include="Application.h">
      <Filter>Source Files</Filter>
    </ClInclude>
    <ClInclude Include="Aircraft.h">
      <Filter>Source Files</Filter>
    </ClInclude>
    <ClInclude Include="Animation.h">
      <Filter>Source Files</Filter>
    </ClInclude>
    <ClInclude Include="BloomEffect.h">
      <Filter>Source Files</Filter>
    </ClInclude>
    <ClInclude Include="Button.h">
      <Filter>Source Files</Filter>
    </ClInclude>
    <ClInclude Include="Category.h">
      <Filter>Source Files</Filter>
    </ClInclude>
    <ClInclude Include="Command.h">
      <Filter>Source Files</Filter>
    </ClInclude>
    <ClInclude Include="CommandQueue.h">
      <Filter>Source Files</Filter>
    </ClInclude>
    <ClInclude Include="Component.h">
      <Filter>Source Files</Filter>
    </ClInclude>
    <ClInclude Include="Container.h">
      <Filter>Source Files</Filter>
    </ClInclude>
    <ClInclude Include="DataTables.h">
      <Filter>Source Files</Filter>
    </ClInclude>
    <ClInclude Include="EmitterNode.h">
      <Filter>Source Files</Filter>
    </ClInclude>
    <ClInclude Include="Entity.h">
      <Filter>Source Files</Filter>
    </ClInclude>
    <ClInclude Include="Foreach.h">
      <Filter>Source Files</Filter>
    </ClInclude>
    <ClInclude Include="GameOverState.h">
      <Filter>Source Files</Filter>
    </ClInclude>
    <ClInclude Include="GameServer.h">
      <Filter>Source Files</Filter>
    </ClInclude>
    <ClInclude Include="GameState.h">
      <Filter>Source Files</Filter>
    </ClInclude>
    <ClInclude Include="KeyBinding.h">
      <Filter>Source Files</Filter>
    </ClInclude>
    <ClInclude Include="Label.h">
      <Filter>Source Files</Filter>
    </ClInclude>
    <ClInclude Include="MenuState.h">
      <Filter>Source Files</Filter>
    </ClInclude>
    <ClInclude Include="MultiplayerGameState.h">
      <Filter>Source Files</Filter>
    </ClInclude>
    <ClInclude Include="MusicPlayer.h">
      <Filter>Source Files</Filter>
    </ClInclude>
    <ClInclude Include="NetworkNode.h">
      <Filter>Source Files</Filter>
    </ClInclude>
    <ClInclude Include="NetworkProtocol.h">
      <Filter>Source Files</Filter>
    </ClInclude>
    <ClInclude Include="Particle.h">
      <Filter>Source Files</Filter>
    </ClInclude>
    <ClInclude Include="ParticleNode.h">
      <Filter>Source Files</Filter>
    </ClInclude>
    <ClInclude Include="PauseState.h">
      <Filter>Source Files</Filter>
    </ClInclude>
    <ClInclude Include="Pickup.h">
      <Filter>Source Files</Filter>
    </ClInclude>
    <ClInclude Include="Player.h">
      <Filter>Source Files</Filter>
    </ClInclude>
    <ClInclude Include="PostEffect.h">
      <Filter>Source Files</Filter>
    </ClInclude>
    <ClInclude Include="Projectile.h">
      <Filter>Source Files</Filter>
    </ClInclude>
    <ClInclude Include="ResourceHolder.h">
      <Filter>Source Files</Filter>
    </ClInclude>
    <ClInclude Include="ResourceIdentifiers.h">
      <Filter>Source Files</Filter>
    </ClInclude>
    <ClInclude Include="SceneNode.h">
      <Filter>Source Files</Filter>
    </ClInclude>
    <ClInclude Include="SettingsState.h">
      <Filter>Source Files</Filter>
    </ClInclude>
    <ClInclude Include="SoundNode.h">
      <Filter>Source Files</Filter>
    </ClInclude>
    <ClInclude Include="SoundPlayer.h">
      <Filter>Source Files</Filter>
    </ClInclude>
    <ClInclude Include="SpriteNode.h">
      <Filter>Source Files</Filter>
    </ClInclude>
    <ClInclude Include="State.h">
      <Filter>Source Files</Filter>
    </ClInclude>
    <ClInclude Include="StateIdentifiers.h">
      <Filter>Source Files</Filter>
    </ClInclude>
    <ClInclude Include="StateStack.h">
      <Filter>Source Files</Filter>
    </ClInclude>
    <ClInclude Include="TextNode.h">
      <Filter>Source Files</Filter>
    </ClInclude>
    <ClInclude Include="TitleState.h">
      <Filter>Source Files</Filter>
    </ClInclude>
    <ClInclude Include="Utility.h">
      <Filter>Source Files</Filter>
    </ClInclude>
    <ClInclude Include="World.h">
      <Filter>Source Files</Filter>
    </ClInclude>
  </ItemGroup>
</Project>